{
  "version": 4,
  "terraform_version": "0.12.29",
  "serial": 67,
  "lineage": "3f4a057d-c1f5-d133-9baf-63d0c1ba2352",
  "outputs": {
    "bucket": {
      "value": {
        "bucket_policy_only": false,
        "cors": [],
        "default_event_based_hold": false,
        "encryption": [],
        "force_destroy": true,
        "id": "zephyr-demo-kezocunl",
        "labels": null,
        "lifecycle_rule": [
          {
            "action": [
              {
                "storage_class": "",
                "type": "Delete"
              }
            ],
            "condition": [
              {
                "age": 1,
                "created_before": "",
                "is_live": false,
                "matches_storage_class": [],
                "num_newer_versions": 0,
                "with_state": "ANY"
              }
            ]
          }
        ],
        "location": "US",
        "logging": [],
        "name": "zephyr-demo-kezocunl",
        "project": "devsecops-sandbox-291809",
        "requester_pays": false,
        "retention_policy": [],
        "self_link": "https://www.googleapis.com/storage/v1/b/zephyr-demo-kezocunl",
        "storage_class": "STANDARD",
        "url": "gs://zephyr-demo-kezocunl",
        "versioning": [],
        "website": [
          {
            "main_page_suffix": "output.html",
            "not_found_page": "output.html"
          }
        ]
      },
      "type": [
        "object",
        {
          "bucket_policy_only": "bool",
          "cors": [
            "list",
            [
              "object",
              {
                "max_age_seconds": "number",
                "method": [
                  "list",
                  "string"
                ],
                "origin": [
                  "list",
                  "string"
                ],
                "response_header": [
                  "list",
                  "string"
                ]
              }
            ]
          ],
          "default_event_based_hold": "bool",
          "encryption": [
            "list",
            [
              "object",
              {
                "default_kms_key_name": "string"
              }
            ]
          ],
          "force_destroy": "bool",
          "id": "string",
          "labels": [
            "map",
            "string"
          ],
          "lifecycle_rule": [
            "list",
            [
              "object",
              {
                "action": [
                  "set",
                  [
                    "object",
                    {
                      "storage_class": "string",
                      "type": "string"
                    }
                  ]
                ],
                "condition": [
                  "set",
                  [
                    "object",
                    {
                      "age": "number",
                      "created_before": "string",
                      "is_live": "bool",
                      "matches_storage_class": [
                        "list",
                        "string"
                      ],
                      "num_newer_versions": "number",
                      "with_state": "string"
                    }
                  ]
                ]
              }
            ]
          ],
          "location": "string",
          "logging": [
            "list",
            [
              "object",
              {
                "log_bucket": "string",
                "log_object_prefix": "string"
              }
            ]
          ],
          "name": "string",
          "project": "string",
          "requester_pays": "bool",
          "retention_policy": [
            "list",
            [
              "object",
              {
                "is_locked": "bool",
                "retention_period": "number"
              }
            ]
          ],
          "self_link": "string",
          "storage_class": "string",
          "url": "string",
          "versioning": [
            "list",
            [
              "object",
              {
                "enabled": "bool"
              }
            ]
          ],
          "website": [
            "list",
            [
              "object",
              {
                "main_page_suffix": "string",
                "not_found_page": "string"
              }
            ]
          ]
        }
      ]
    }
  },
  "resources": [
    {
      "mode": "managed",
      "type": "google_storage_bucket",
      "name": "website_bucket",
      "provider": "provider.google",
      "instances": [
        {
          "schema_version": 0,
          "attributes": {
            "bucket_policy_only": false,
            "cors": [],
            "default_event_based_hold": false,
            "encryption": [],
            "force_destroy": true,
            "id": "zephyr-demo-kezocunl",
            "labels": null,
            "lifecycle_rule": [
              {
                "action": [
                  {
                    "storage_class": "",
                    "type": "Delete"
                  }
                ],
                "condition": [
                  {
                    "age": 1,
                    "created_before": "",
                    "is_live": false,
                    "matches_storage_class": [],
                    "num_newer_versions": 0,
                    "with_state": "ANY"
                  }
                ]
              }
            ],
            "location": "US",
            "logging": [],
            "name": "zephyr-demo-kezocunl",
            "project": "devsecops-sandbox-291809",
            "requester_pays": false,
            "retention_policy": [],
            "self_link": "https://www.googleapis.com/storage/v1/b/zephyr-demo-kezocunl",
            "storage_class": "STANDARD",
            "url": "gs://zephyr-demo-kezocunl",
            "versioning": [],
            "website": [
              {
                "main_page_suffix": "output.html",
                "not_found_page": "output.html"
              }
            ]
          },
          "private": "bnVsbA==",
          "dependencies": [
            "random_string.random"
          ]
        }
      ]
    },
    {
      "mode": "managed",
      "type": "google_storage_bucket_acl",
      "name": "website_bucket_acl",
      "provider": "provider.google-beta",
      "instances": [
        {
          "schema_version": 0,
          "attributes": {
            "bucket": "zephyr-demo-kezocunl",
            "default_acl": null,
            "id": "zephyr-demo-kezocunl-acl",
            "predefined_acl": null,
            "role_entity": [
              "OWNER:project-owners-950953498414",
              "OWNER:project-editors-950953498414",
              "READER:project-viewers-950953498414",
              "READER:allUsers",
              "OWNER:allAuthenticatedUsers"
            ]
          },
          "private": "bnVsbA==",
          "dependencies": [
            "google_storage_bucket.website_bucket",
            "random_string.random"
          ]
        }
      ]
    },
    {
      "mode": "managed",
      "type": "google_storage_default_object_access_control",
      "name": "public_rule",
      "provider": "provider.google",
      "instances": [
        {
          "schema_version": 0,
          "attributes": {
            "bucket": "zephyr-demo-kezocunl",
            "domain": "",
            "email": "",
            "entity": "allUsers",
            "entity_id": "",
            "generation": 0,
            "id": "zephyr-demo-kezocunl/allUsers",
            "object": "",
            "project_team": [],
            "role": "READER",
            "timeouts": null
          },
          "private": "eyJlMmJmYjczMC1lY2FhLTExZTYtOGY4OC0zNDM2M2JjN2M0YzAiOnsiY3JlYXRlIjoyNDAwMDAwMDAwMDAsImRlbGV0ZSI6MjQwMDAwMDAwMDAwLCJ1cGRhdGUiOjI0MDAwMDAwMDAwMH19",
          "dependencies": [
            "google_storage_bucket.website_bucket",
            "random_string.random"
          ]
        }
      ]
    },
    {
      "mode": "managed",
      "type": "random_string",
      "name": "random",
      "provider": "provider.random",
      "instances": [
        {
          "schema_version": 1,
          "attributes": {
            "id": "kezocunl",
            "keepers": null,
            "length": 8,
            "lower": true,
            "min_lower": 8,
            "min_numeric": 0,
            "min_special": 0,
            "min_upper": 0,
            "number": true,
            "override_special": null,
            "result": "kezocunl",
            "special": false,
            "upper": true
          },
          "private": "eyJzY2hlbWFfdmVyc2lvbiI6IjEifQ=="
        }
      ]
    }
  ]
}
